
Microsoft Visual Studio Solution File, Format Version 12.00
# Visual Studio Version 17
VisualStudioVersion = 17.4.33122.133
MinimumVisualStudioVersion = 10.0.40219.1
Project("{9A19103F-16F7-4668-BE54-9A1E7A4F7556}") = "EF-MySQL", "EF-MySQL.csproj", "{02321186-6B48-40B0-9319-BD49DA0CA360}"
EndProject
Global
	GlobalSection(SolutionConfigurationPlatforms) = preSolution
		Debug|Any CPU = Debug|Any CPU
		Release|Any CPU = Release|Any CPU
	EndGlobalSection
	GlobalSection(ProjectConfigurationPlatforms) = postSolution
		{02321186-6B48-40B0-9319-BD49DA0CA360}.Debug|Any CPU.ActiveCfg = Debug|Any CPU
		{02321186-6B48-40B0-9319-BD49DA0CA360}.Debug|Any CPU.Build.0 = Debug|Any CPU
		{02321186-6B48-40B0-9319-BD49DA0CA360}.Release|Any CPU.ActiveCfg = Release|Any CPU
		{02321186-6B48-40B0-9319-BD49DA0CA360}.Release|Any CPU.Build.0 = Release|Any CPU
	EndGlobalSection
	GlobalSection(SolutionProperties) = preSolution
		HideSolutionNode = FALSE
	EndGlobalSection
	GlobalSection(ExtensibilityGlobals) = postSolution
		SolutionGuid = {D273E491-F609-4C8F-8B31-E03E6ADC762C}
	EndGlobalSection
EndGlobal
